
Microsoft Visual Studio Solution File, Format Version 12.00
# Visual Studio Version 17
VisualStudioVersion = 17.5.002.0
MinimumVisualStudioVersion = 10.0.40219.1
Project("{2150E333-8FDC-42A3-9474-1A3956D46DE8}") = "GuidedProject", "GuidedProject", "{5D8B5CA0-EC56-40E3-AB97-3D433C454C7F}"
EndProject
Project("{9A19103F-16F7-4668-BE54-9A1E7A4F7556}") = "Starter", "GuidedProject\Starter\Starter.csproj", "{FB8F8450-B0D2-48AF-9529-2E66E3481B49}"
EndProject
Project("{9A19103F-16F7-4668-BE54-9A1E7A4F7556}") = "Final", "GuidedProject\Final\Final.csproj", "{62FFCD4B-E74B-44E5-A655-43E32A2DA9F8}"
EndProject
Global
	GlobalSection(SolutionConfigurationPlatforms) = preSolution
		Debug|Any CPU = Debug|Any CPU
		Release|Any CPU = Release|Any CPU
	EndGlobalSection
	GlobalSection(ProjectConfigurationPlatforms) = postSolution
		{FB8F8450-B0D2-48AF-9529-2E66E3481B49}.Debug|Any CPU.ActiveCfg = Debug|Any CPU
		{FB8F8450-B0D2-48AF-9529-2E66E3481B49}.Debug|Any CPU.Build.0 = Debug|Any CPU
		{FB8F8450-B0D2-48AF-9529-2E66E3481B49}.Release|Any CPU.ActiveCfg = Release|Any CPU
		{FB8F8450-B0D2-48AF-9529-2E66E3481B49}.Release|Any CPU.Build.0 = Release|Any CPU
		{62FFCD4B-E74B-44E5-A655-43E32A2DA9F8}.Debug|Any CPU.ActiveCfg = Debug|Any CPU
		{62FFCD4B-E74B-44E5-A655-43E32A2DA9F8}.Debug|Any CPU.Build.0 = Debug|Any CPU
		{62FFCD4B-E74B-44E5-A655-43E32A2DA9F8}.Release|Any CPU.ActiveCfg = Release|Any CPU
		{62FFCD4B-E74B-44E5-A655-43E32A2DA9F8}.Release|Any CPU.Build.0 = Release|Any CPU
	EndGlobalSection
	GlobalSection(SolutionProperties) = preSolution
		HideSolutionNode = FALSE
	EndGlobalSection
	GlobalSection(NestedProjects) = preSolution
		{FB8F8450-B0D2-48AF-9529-2E66E3481B49} = {5D8B5CA0-EC56-40E3-AB97-3D433C454C7F}
		{62FFCD4B-E74B-44E5-A655-43E32A2DA9F8} = {5D8B5CA0-EC56-40E3-AB97-3D433C454C7F}
	EndGlobalSection
	GlobalSection(ExtensibilityGlobals) = postSolution
		SolutionGuid = {6324072D-6C3B-48D6-8ECC-39BB6D6A3019}
	EndGlobalSection
EndGlobal
