
Microsoft Visual Studio Solution File, Format Version 12.00
# Visual Studio Version 17
VisualStudioVersion = 17.5.002.0
MinimumVisualStudioVersion = 10.0.40219.1
Project("{2150E333-8FDC-42A3-9474-1A3956D46DE8}") = "GuidedProject", "GuidedProject", "{68E1F711-F7D2-4CA2-A5EF-F35E11339776}"
EndProject
Project("{9A19103F-16F7-4668-BE54-9A1E7A4F7556}") = "Starter", "GuidedProject\Starter\Starter.csproj", "{B3B2179C-1FCF-4764-8BA6-FF92F02A4C0D}"
EndProject
Project("{9A19103F-16F7-4668-BE54-9A1E7A4F7556}") = "Final", "GuidedProject\Final\Final.csproj", "{3714C10D-302B-46A1-8B49-A4DA9F903ABE}"
EndProject
Global
	GlobalSection(SolutionConfigurationPlatforms) = preSolution
		Debug|Any CPU = Debug|Any CPU
		Release|Any CPU = Release|Any CPU
	EndGlobalSection
	GlobalSection(ProjectConfigurationPlatforms) = postSolution
		{B3B2179C-1FCF-4764-8BA6-FF92F02A4C0D}.Debug|Any CPU.ActiveCfg = Debug|Any CPU
		{B3B2179C-1FCF-4764-8BA6-FF92F02A4C0D}.Debug|Any CPU.Build.0 = Debug|Any CPU
		{B3B2179C-1FCF-4764-8BA6-FF92F02A4C0D}.Release|Any CPU.ActiveCfg = Release|Any CPU
		{B3B2179C-1FCF-4764-8BA6-FF92F02A4C0D}.Release|Any CPU.Build.0 = Release|Any CPU
		{3714C10D-302B-46A1-8B49-A4DA9F903ABE}.Debug|Any CPU.ActiveCfg = Debug|Any CPU
		{3714C10D-302B-46A1-8B49-A4DA9F903ABE}.Debug|Any CPU.Build.0 = Debug|Any CPU
		{3714C10D-302B-46A1-8B49-A4DA9F903ABE}.Release|Any CPU.ActiveCfg = Release|Any CPU
		{3714C10D-302B-46A1-8B49-A4DA9F903ABE}.Release|Any CPU.Build.0 = Release|Any CPU
	EndGlobalSection
	GlobalSection(SolutionProperties) = preSolution
		HideSolutionNode = FALSE
	EndGlobalSection
	GlobalSection(NestedProjects) = preSolution
		{B3B2179C-1FCF-4764-8BA6-FF92F02A4C0D} = {68E1F711-F7D2-4CA2-A5EF-F35E11339776}
		{3714C10D-302B-46A1-8B49-A4DA9F903ABE} = {68E1F711-F7D2-4CA2-A5EF-F35E11339776}
	EndGlobalSection
	GlobalSection(ExtensibilityGlobals) = postSolution
		SolutionGuid = {15C94A6D-B22D-477B-AB34-037D71404EF5}
	EndGlobalSection
EndGlobal
